
Microsoft Visual Studio Solution File, Format Version 12.00
# Visual Studio Version 17
VisualStudioVersion = 17.0.31903.59
MinimumVisualStudioVersion = 10.0.40219.1
Project("{2150E333-8FDC-42A3-9474-1A3956D46DE8}") = "src", "src", "{827E0CD3-B72D-47B6-A68D-7590B98EB39B}"
EndProject
Project("{2150E333-8FDC-42A3-9474-1A3956D46DE8}") = "Domain", "Domain", "{8B290487-4C16-E85E-E807-F579CBE9FC4D}"
EndProject
Project("{FAE04EC0-301F-11D3-BF4B-00C04F79EFBC}") = "CarRepair.Auth.Domain", "src\Domain\CarRepair.Auth.Domain.csproj", "{07F85FFF-F2B7-47CD-85FC-9C22F56899F7}"
EndProject
Project("{2150E333-8FDC-42A3-9474-1A3956D46DE8}") = "Application", "Application", "{22BAF98C-8415-17C4-B26A-D537657BC863}"
EndProject
Project("{FAE04EC0-301F-11D3-BF4B-00C04F79EFBC}") = "CarRepair.Auth.Application", "src\Application\CarRepair.Auth.Application.csproj", "{EFC3821E-FB88-4B42-9EB0-B91E540304C1}"
EndProject
Project("{2150E333-8FDC-42A3-9474-1A3956D46DE8}") = "Infrastructure", "Infrastructure", "{9048EB7F-3875-A59E-E36B-5BD4C6F2A282}"
EndProject
Project("{FAE04EC0-301F-11D3-BF4B-00C04F79EFBC}") = "CarRepair.Auth.Infrastructure", "src\Infrastructure\CarRepair.Auth.Infrastructure.csproj", "{E77352A5-CCA3-40B0-981C-7A5EA4E6BBCC}"
EndProject
Project("{2150E333-8FDC-42A3-9474-1A3956D46DE8}") = "Lambda", "Lambda", "{2B50D272-63E2-DE7D-A970-84F830CF9C1B}"
EndProject
Project("{FAE04EC0-301F-11D3-BF4B-00C04F79EFBC}") = "CarRepair.Auth.Lambda", "src\Lambda\CarRepair.Auth.Lambda.csproj", "{B312F77B-D950-48B0-ABEB-2BD20C98DC40}"
EndProject
Global
	GlobalSection(SolutionConfigurationPlatforms) = preSolution
		Debug|Any CPU = Debug|Any CPU
		Debug|x64 = Debug|x64
		Debug|x86 = Debug|x86
		Release|Any CPU = Release|Any CPU
		Release|x64 = Release|x64
		Release|x86 = Release|x86
	EndGlobalSection
	GlobalSection(ProjectConfigurationPlatforms) = postSolution
		{07F85FFF-F2B7-47CD-85FC-9C22F56899F7}.Debug|Any CPU.ActiveCfg = Debug|Any CPU
		{07F85FFF-F2B7-47CD-85FC-9C22F56899F7}.Debug|Any CPU.Build.0 = Debug|Any CPU
		{07F85FFF-F2B7-47CD-85FC-9C22F56899F7}.Debug|x64.ActiveCfg = Debug|Any CPU
		{07F85FFF-F2B7-47CD-85FC-9C22F56899F7}.Debug|x64.Build.0 = Debug|Any CPU
		{07F85FFF-F2B7-47CD-85FC-9C22F56899F7}.Debug|x86.ActiveCfg = Debug|Any CPU
		{07F85FFF-F2B7-47CD-85FC-9C22F56899F7}.Debug|x86.Build.0 = Debug|Any CPU
		{07F85FFF-F2B7-47CD-85FC-9C22F56899F7}.Release|Any CPU.ActiveCfg = Release|Any CPU
		{07F85FFF-F2B7-47CD-85FC-9C22F56899F7}.Release|Any CPU.Build.0 = Release|Any CPU
		{07F85FFF-F2B7-47CD-85FC-9C22F56899F7}.Release|x64.ActiveCfg = Release|Any CPU
		{07F85FFF-F2B7-47CD-85FC-9C22F56899F7}.Release|x64.Build.0 = Release|Any CPU
		{07F85FFF-F2B7-47CD-85FC-9C22F56899F7}.Release|x86.ActiveCfg = Release|Any CPU
		{07F85FFF-F2B7-47CD-85FC-9C22F56899F7}.Release|x86.Build.0 = Release|Any CPU
		{EFC3821E-FB88-4B42-9EB0-B91E540304C1}.Debug|Any CPU.ActiveCfg = Debug|Any CPU
		{EFC3821E-FB88-4B42-9EB0-B91E540304C1}.Debug|Any CPU.Build.0 = Debug|Any CPU
		{EFC3821E-FB88-4B42-9EB0-B91E540304C1}.Debug|x64.ActiveCfg = Debug|Any CPU
		{EFC3821E-FB88-4B42-9EB0-B91E540304C1}.Debug|x64.Build.0 = Debug|Any CPU
		{EFC3821E-FB88-4B42-9EB0-B91E540304C1}.Debug|x86.ActiveCfg = Debug|Any CPU
		{EFC3821E-FB88-4B42-9EB0-B91E540304C1}.Debug|x86.Build.0 = Debug|Any CPU
		{EFC3821E-FB88-4B42-9EB0-B91E540304C1}.Release|Any CPU.ActiveCfg = Release|Any CPU
		{EFC3821E-FB88-4B42-9EB0-B91E540304C1}.Release|Any CPU.Build.0 = Release|Any CPU
		{EFC3821E-FB88-4B42-9EB0-B91E540304C1}.Release|x64.ActiveCfg = Release|Any CPU
		{EFC3821E-FB88-4B42-9EB0-B91E540304C1}.Release|x64.Build.0 = Release|Any CPU
		{EFC3821E-FB88-4B42-9EB0-B91E540304C1}.Release|x86.ActiveCfg = Release|Any CPU
		{EFC3821E-FB88-4B42-9EB0-B91E540304C1}.Release|x86.Build.0 = Release|Any CPU
		{E77352A5-CCA3-40B0-981C-7A5EA4E6BBCC}.Debug|Any CPU.ActiveCfg = Debug|Any CPU
		{E77352A5-CCA3-40B0-981C-7A5EA4E6BBCC}.Debug|Any CPU.Build.0 = Debug|Any CPU
		{E77352A5-CCA3-40B0-981C-7A5EA4E6BBCC}.Debug|x64.ActiveCfg = Debug|Any CPU
		{E77352A5-CCA3-40B0-981C-7A5EA4E6BBCC}.Debug|x64.Build.0 = Debug|Any CPU
		{E77352A5-CCA3-40B0-981C-7A5EA4E6BBCC}.Debug|x86.ActiveCfg = Debug|Any CPU
		{E77352A5-CCA3-40B0-981C-7A5EA4E6BBCC}.Debug|x86.Build.0 = Debug|Any CPU
		{E77352A5-CCA3-40B0-981C-7A5EA4E6BBCC}.Release|Any CPU.ActiveCfg = Release|Any CPU
		{E77352A5-CCA3-40B0-981C-7A5EA4E6BBCC}.Release|Any CPU.Build.0 = Release|Any CPU
		{E77352A5-CCA3-40B0-981C-7A5EA4E6BBCC}.Release|x64.ActiveCfg = Release|Any CPU
		{E77352A5-CCA3-40B0-981C-7A5EA4E6BBCC}.Release|x64.Build.0 = Release|Any CPU
		{E77352A5-CCA3-40B0-981C-7A5EA4E6BBCC}.Release|x86.ActiveCfg = Release|Any CPU
		{E77352A5-CCA3-40B0-981C-7A5EA4E6BBCC}.Release|x86.Build.0 = Release|Any CPU
		{B312F77B-D950-48B0-ABEB-2BD20C98DC40}.Debug|Any CPU.ActiveCfg = Debug|Any CPU
		{B312F77B-D950-48B0-ABEB-2BD20C98DC40}.Debug|Any CPU.Build.0 = Debug|Any CPU
		{B312F77B-D950-48B0-ABEB-2BD20C98DC40}.Debug|x64.ActiveCfg = Debug|Any CPU
		{B312F77B-D950-48B0-ABEB-2BD20C98DC40}.Debug|x64.Build.0 = Debug|Any CPU
		{B312F77B-D950-48B0-ABEB-2BD20C98DC40}.Debug|x86.ActiveCfg = Debug|Any CPU
		{B312F77B-D950-48B0-ABEB-2BD20C98DC40}.Debug|x86.Build.0 = Debug|Any CPU
		{B312F77B-D950-48B0-ABEB-2BD20C98DC40}.Release|Any CPU.ActiveCfg = Release|Any CPU
		{B312F77B-D950-48B0-ABEB-2BD20C98DC40}.Release|Any CPU.Build.0 = Release|Any CPU
		{B312F77B-D950-48B0-ABEB-2BD20C98DC40}.Release|x64.ActiveCfg = Release|Any CPU
		{B312F77B-D950-48B0-ABEB-2BD20C98DC40}.Release|x64.Build.0 = Release|Any CPU
		{B312F77B-D950-48B0-ABEB-2BD20C98DC40}.Release|x86.ActiveCfg = Release|Any CPU
		{B312F77B-D950-48B0-ABEB-2BD20C98DC40}.Release|x86.Build.0 = Release|Any CPU
	EndGlobalSection
	GlobalSection(SolutionProperties) = preSolution
		HideSolutionNode = FALSE
	EndGlobalSection
	GlobalSection(NestedProjects) = preSolution
		{8B290487-4C16-E85E-E807-F579CBE9FC4D} = {827E0CD3-B72D-47B6-A68D-7590B98EB39B}
		{07F85FFF-F2B7-47CD-85FC-9C22F56899F7} = {8B290487-4C16-E85E-E807-F579CBE9FC4D}
		{22BAF98C-8415-17C4-B26A-D537657BC863} = {827E0CD3-B72D-47B6-A68D-7590B98EB39B}
		{EFC3821E-FB88-4B42-9EB0-B91E540304C1} = {22BAF98C-8415-17C4-B26A-D537657BC863}
		{9048EB7F-3875-A59E-E36B-5BD4C6F2A282} = {827E0CD3-B72D-47B6-A68D-7590B98EB39B}
		{E77352A5-CCA3-40B0-981C-7A5EA4E6BBCC} = {9048EB7F-3875-A59E-E36B-5BD4C6F2A282}
		{2B50D272-63E2-DE7D-A970-84F830CF9C1B} = {827E0CD3-B72D-47B6-A68D-7590B98EB39B}
		{B312F77B-D950-48B0-ABEB-2BD20C98DC40} = {2B50D272-63E2-DE7D-A970-84F830CF9C1B}
	EndGlobalSection
EndGlobal
